
Microsoft Visual Studio Solution File, Format Version 12.00
# Visual Studio Version 16
VisualStudioVersion = 16.0.31025.194
MinimumVisualStudioVersion = 10.0.40219.1
Project("{FAE04EC0-301F-11D3-BF4B-00C04F79EFBC}") = "Business", "Business\Business.csproj", "{764443AD-9889-4A1D-A95D-B42577969C6A}"
EndProject
Project("{FAE04EC0-301F-11D3-BF4B-00C04F79EFBC}") = "DataAccess", "DataAcceess\DataAccess.csproj", "{4344281F-1659-4CAE-B47D-2830AC730230}"
EndProject
Project("{FAE04EC0-301F-11D3-BF4B-00C04F79EFBC}") = "Core", "Core\Core.csproj", "{FEE152D8-77FE-4F53-88E4-432D7E834219}"
EndProject
Project("{FAE04EC0-301F-11D3-BF4B-00C04F79EFBC}") = "Entities", "Entities\Entities.csproj", "{F84F51D5-4427-4AEE-87E6-69627EE3C9B9}"
EndProject
Project("{FAE04EC0-301F-11D3-BF4B-00C04F79EFBC}") = "ConsoleUI", "ConsoleUI\ConsoleUI.csproj", "{9939881B-5D9F-4D7A-A971-EA3D913410D1}"
EndProject
Global
	GlobalSection(SolutionConfigurationPlatforms) = preSolution
		Debug|Any CPU = Debug|Any CPU
		Release|Any CPU = Release|Any CPU
	EndGlobalSection
	GlobalSection(ProjectConfigurationPlatforms) = postSolution
		{764443AD-9889-4A1D-A95D-B42577969C6A}.Debug|Any CPU.ActiveCfg = Debug|Any CPU
		{764443AD-9889-4A1D-A95D-B42577969C6A}.Debug|Any CPU.Build.0 = Debug|Any CPU
		{764443AD-9889-4A1D-A95D-B42577969C6A}.Release|Any CPU.ActiveCfg = Release|Any CPU
		{764443AD-9889-4A1D-A95D-B42577969C6A}.Release|Any CPU.Build.0 = Release|Any CPU
		{4344281F-1659-4CAE-B47D-2830AC730230}.Debug|Any CPU.ActiveCfg = Debug|Any CPU
		{4344281F-1659-4CAE-B47D-2830AC730230}.Debug|Any CPU.Build.0 = Debug|Any CPU
		{4344281F-1659-4CAE-B47D-2830AC730230}.Release|Any CPU.ActiveCfg = Release|Any CPU
		{4344281F-1659-4CAE-B47D-2830AC730230}.Release|Any CPU.Build.0 = Release|Any CPU
		{FEE152D8-77FE-4F53-88E4-432D7E834219}.Debug|Any CPU.ActiveCfg = Debug|Any CPU
		{FEE152D8-77FE-4F53-88E4-432D7E834219}.Debug|Any CPU.Build.0 = Debug|Any CPU
		{FEE152D8-77FE-4F53-88E4-432D7E834219}.Release|Any CPU.ActiveCfg = Release|Any CPU
		{FEE152D8-77FE-4F53-88E4-432D7E834219}.Release|Any CPU.Build.0 = Release|Any CPU
		{F84F51D5-4427-4AEE-87E6-69627EE3C9B9}.Debug|Any CPU.ActiveCfg = Debug|Any CPU
		{F84F51D5-4427-4AEE-87E6-69627EE3C9B9}.Debug|Any CPU.Build.0 = Debug|Any CPU
		{F84F51D5-4427-4AEE-87E6-69627EE3C9B9}.Release|Any CPU.ActiveCfg = Release|Any CPU
		{F84F51D5-4427-4AEE-87E6-69627EE3C9B9}.Release|Any CPU.Build.0 = Release|Any CPU
		{9939881B-5D9F-4D7A-A971-EA3D913410D1}.Debug|Any CPU.ActiveCfg = Debug|Any CPU
		{9939881B-5D9F-4D7A-A971-EA3D913410D1}.Debug|Any CPU.Build.0 = Debug|Any CPU
		{9939881B-5D9F-4D7A-A971-EA3D913410D1}.Release|Any CPU.ActiveCfg = Release|Any CPU
		{9939881B-5D9F-4D7A-A971-EA3D913410D1}.Release|Any CPU.Build.0 = Release|Any CPU
	EndGlobalSection
	GlobalSection(SolutionProperties) = preSolution
		HideSolutionNode = FALSE
	EndGlobalSection
	GlobalSection(ExtensibilityGlobals) = postSolution
		SolutionGuid = {0C064622-1EBE-42FB-AF00-D3E52763B7C7}
	EndGlobalSection
EndGlobal
